
Microsoft Visual Studio Solution File, Format Version 12.00
# Visual Studio Version 17
VisualStudioVersion = 17.12.35527.113
MinimumVisualStudioVersion = 10.0.40219.1
Project("{2150E333-8FDC-42A3-9474-1A3956D46DE8}") = "Engine", "Engine", "{B6FFED76-1D6C-4CF9-8699-847AE11D979C}"
EndProject
Project("{8BC9CEB8-8B4A-11D0-8D11-00A0C91BC942}") = "NardaEngine", "Engine\NardaEngine\NardaEngine.vcxproj", "{3FDDC146-E2B0-4B8D-A291-08AD9D5DE04F}"
EndProject
Project("{2150E333-8FDC-42A3-9474-1A3956D46DE8}") = "Framework", "Framework", "{861CF375-25A5-4A29-8FAD-2C79FB11BB80}"
EndProject
Project("{2150E333-8FDC-42A3-9474-1A3956D46DE8}") = "VGP242", "VGP242", "{645D5774-086E-4439-BD7A-A196EC4C1CA8}"
EndProject
Project("{8BC9CEB8-8B4A-11D0-8D11-00A0C91BC942}") = "01_HelloWindow", "VGP242\01_HelloWindow\01_HelloWindow.vcxproj", "{8051CFC6-9F61-4B1D-8DEB-F031947938B2}"
EndProject
Project("{2150E333-8FDC-42A3-9474-1A3956D46DE8}") = "External", "External", "{87BCA308-399E-4CD1-80CD-DA08591720D2}"
EndProject
Project("{8BC9CEB8-8B4A-11D0-8D11-00A0C91BC942}") = "DirectXTK_Desktop_2022", "External\DirectXTK\DirectXTK_Desktop_2022.vcxproj", "{E0B52AE7-E160-4D32-BF3F-910B785E5A8E}"
EndProject
Project("{8BC9CEB8-8B4A-11D0-8D11-00A0C91BC942}") = "02_HelloShapes", "VGP242\02_HelloShapes\02_HelloShapes.vcxproj", "{847D658E-82BA-47DC-9A27-04576AD3530E}"
EndProject
Project("{2150E333-8FDC-42A3-9474-1A3956D46DE8}") = "Assets", "Assets", "{0A3D5703-E6AE-4D00-B16D-F8EFC533FDEC}"
EndProject
Project("{2150E333-8FDC-42A3-9474-1A3956D46DE8}") = "Shaders", "Shaders", "{58F850C8-7606-4F1F-AEA4-CD5137E5256A}"
	ProjectSection(SolutionItems) = preProject
		Assets\Shaders\CelShader.fx = Assets\Shaders\CelShader.fx
		Assets\Shaders\DoColor.fx = Assets\Shaders\DoColor.fx
		Assets\Shaders\DoSomthing.fx = Assets\Shaders\DoSomthing.fx
		Assets\Shaders\DoTexture.fx = Assets\Shaders\DoTexture.fx
		Assets\Shaders\DoTransformColor.fx = Assets\Shaders\DoTransformColor.fx
		Assets\Shaders\PostProcessing.fx = Assets\Shaders\PostProcessing.fx
		Assets\Shaders\SimpleDraw.fx = Assets\Shaders\SimpleDraw.fx
		Assets\Shaders\Standard.fx = Assets\Shaders\Standard.fx
	EndProjectSection
EndProject
Project("{8BC9CEB8-8B4A-11D0-8D11-00A0C91BC942}") = "03_HelloCube", "VGP242\03_HelloCube\03_HelloCube.vcxproj", "{922BBD6D-302F-467A-83B9-B9EF52191090}"
EndProject
Project("{8BC9CEB8-8B4A-11D0-8D11-00A0C91BC942}") = "05_HelloDebug", "VGP242\05_HelloDebug\05_HelloDebug.vcxproj", "{EC19A701-1783-4AF6-91F3-808F102CD186}"
EndProject
Project("{8BC9CEB8-8B4A-11D0-8D11-00A0C91BC942}") = "Graphics", "Framework\Graphics\Graphics.vcxproj", "{1227A47F-5B15-4A11-9936-A397C8E95A03}"
EndProject
Project("{8BC9CEB8-8B4A-11D0-8D11-00A0C91BC942}") = "Core", "Framework\Core\Core.vcxproj", "{AC9AB161-28A5-4FCE-9102-3B3E09A3FF55}"
EndProject
Project("{8BC9CEB8-8B4A-11D0-8D11-00A0C91BC942}") = "Input", "Framework\Input\Input.vcxproj", "{3629F01A-6FED-42EB-B308-E9F7F1346EAF}"
EndProject
Project("{8BC9CEB8-8B4A-11D0-8D11-00A0C91BC942}") = "Math", "Framework\Math\Math.vcxproj", "{10AE7ECA-E1A6-426F-A65B-C380760AEB07}"
EndProject
Project("{8BC9CEB8-8B4A-11D0-8D11-00A0C91BC942}") = "ImGui", "External\ImGui\ImGui.vcxproj", "{52D656A2-A2F4-4C54-A3C7-653427BED1E8}"
EndProject
Project("{8BC9CEB8-8B4A-11D0-8D11-00A0C91BC942}") = "04_HelloMeshBuilder", "VGP242\04_HelloMeshBuilder\04_HelloMeshBuilder.vcxproj", "{9A6222BB-D9D7-4E31-B9C7-E88760DF949F}"
EndProject
Project("{8BC9CEB8-8B4A-11D0-8D11-00A0C91BC942}") = "06_HellowRenderTarget", "VGP242\06_HellowRenderTarget\06_HellowRenderTarget.vcxproj", "{1C7509B9-6483-495B-8530-9C98869F3D98}"
EndProject
Project("{8BC9CEB8-8B4A-11D0-8D11-00A0C91BC942}") = "07_HelloSimpleTextureEffect", "VGP242\07_HelloSimpleTextureEffect\07_HelloSimpleTextureEffect.vcxproj", "{037001A4-0B9A-4648-BBD6-03093214F181}"
EndProject
Project("{8BC9CEB8-8B4A-11D0-8D11-00A0C91BC942}") = "08_FinalProject", "VGP242\08_FinalProject\08_FinalProject.vcxproj", "{A047CFE5-A437-4911-8633-F54973E4F1DD}"
EndProject
Project("{2150E333-8FDC-42A3-9474-1A3956D46DE8}") = "VGP330", "VGP330", "{C921C2AB-B807-4CD1-93A9-34EBD769E3B6}"
EndProject
Project("{8BC9CEB8-8B4A-11D0-8D11-00A0C91BC942}") = "08_HelloLighting", "VGP330\08_HelloLighting\08_HelloLighting.vcxproj", "{5382D923-3ED5-4EFD-BE8B-FEF8216FD96B}"
EndProject
Project("{8BC9CEB8-8B4A-11D0-8D11-00A0C91BC942}") = "09_HellowCelShader", "VGP330\09_HellowCelShader\09_HellowCelShader.vcxproj", "{537D9996-9B3E-44B2-BD84-1862E2B7CA63}"
EndProject
Project("{2150E333-8FDC-42A3-9474-1A3956D46DE8}") = "Tools", "Tools", "{02EA681E-C7D8-13C7-8484-4AC65E1B71E8}"
EndProject
Project("{8BC9CEB8-8B4A-11D0-8D11-00A0C91BC942}") = "ModelImporter", "Tools\ModelImporter\ModelImporter.vcxproj", "{A5796222-270F-49FF-A55E-3909B065B6B9}"
EndProject
Project("{8BC9CEB8-8B4A-11D0-8D11-00A0C91BC942}") = "10_HelloModel", "VGP330\10_HelloModel\10_HelloModel.vcxproj", "{8BB9E603-FC24-4D80-8980-7E963CC19864}"
EndProject
Project("{8BC9CEB8-8B4A-11D0-8D11-00A0C91BC942}") = "11_HelloPostProcessing", "VGP330\11_HelloPostProcessing\11_HelloPostProcessing.vcxproj", "{2E1F3FFC-1C07-48DB-BA56-3E8DBDC6A059}"
EndProject
Global
	GlobalSection(SolutionConfigurationPlatforms) = preSolution
		Debug|x64 = Debug|x64
		Debug|x86 = Debug|x86
		Release|x64 = Release|x64
		Release|x86 = Release|x86
	EndGlobalSection
	GlobalSection(ProjectConfigurationPlatforms) = postSolution
		{3FDDC146-E2B0-4B8D-A291-08AD9D5DE04F}.Debug|x64.ActiveCfg = Debug|x64
		{3FDDC146-E2B0-4B8D-A291-08AD9D5DE04F}.Debug|x64.Build.0 = Debug|x64
		{3FDDC146-E2B0-4B8D-A291-08AD9D5DE04F}.Debug|x86.ActiveCfg = Debug|Win32
		{3FDDC146-E2B0-4B8D-A291-08AD9D5DE04F}.Debug|x86.Build.0 = Debug|Win32
		{3FDDC146-E2B0-4B8D-A291-08AD9D5DE04F}.Release|x64.ActiveCfg = Release|x64
		{3FDDC146-E2B0-4B8D-A291-08AD9D5DE04F}.Release|x64.Build.0 = Release|x64
		{3FDDC146-E2B0-4B8D-A291-08AD9D5DE04F}.Release|x86.ActiveCfg = Release|Win32
		{3FDDC146-E2B0-4B8D-A291-08AD9D5DE04F}.Release|x86.Build.0 = Release|Win32
		{8051CFC6-9F61-4B1D-8DEB-F031947938B2}.Debug|x64.ActiveCfg = Debug|x64
		{8051CFC6-9F61-4B1D-8DEB-F031947938B2}.Debug|x64.Build.0 = Debug|x64
		{8051CFC6-9F61-4B1D-8DEB-F031947938B2}.Debug|x86.ActiveCfg = Debug|Win32
		{8051CFC6-9F61-4B1D-8DEB-F031947938B2}.Debug|x86.Build.0 = Debug|Win32
		{8051CFC6-9F61-4B1D-8DEB-F031947938B2}.Release|x64.ActiveCfg = Release|x64
		{8051CFC6-9F61-4B1D-8DEB-F031947938B2}.Release|x64.Build.0 = Release|x64
		{8051CFC6-9F61-4B1D-8DEB-F031947938B2}.Release|x86.ActiveCfg = Release|Win32
		{8051CFC6-9F61-4B1D-8DEB-F031947938B2}.Release|x86.Build.0 = Release|Win32
		{E0B52AE7-E160-4D32-BF3F-910B785E5A8E}.Debug|x64.ActiveCfg = Debug|x64
		{E0B52AE7-E160-4D32-BF3F-910B785E5A8E}.Debug|x64.Build.0 = Debug|x64
		{E0B52AE7-E160-4D32-BF3F-910B785E5A8E}.Debug|x86.ActiveCfg = Debug|Win32
		{E0B52AE7-E160-4D32-BF3F-910B785E5A8E}.Debug|x86.Build.0 = Debug|Win32
		{E0B52AE7-E160-4D32-BF3F-910B785E5A8E}.Release|x64.ActiveCfg = Release|x64
		{E0B52AE7-E160-4D32-BF3F-910B785E5A8E}.Release|x64.Build.0 = Release|x64
		{E0B52AE7-E160-4D32-BF3F-910B785E5A8E}.Release|x86.ActiveCfg = Release|Win32
		{E0B52AE7-E160-4D32-BF3F-910B785E5A8E}.Release|x86.Build.0 = Release|Win32
		{847D658E-82BA-47DC-9A27-04576AD3530E}.Debug|x64.ActiveCfg = Debug|x64
		{847D658E-82BA-47DC-9A27-04576AD3530E}.Debug|x64.Build.0 = Debug|x64
		{847D658E-82BA-47DC-9A27-04576AD3530E}.Debug|x86.ActiveCfg = Debug|Win32
		{847D658E-82BA-47DC-9A27-04576AD3530E}.Debug|x86.Build.0 = Debug|Win32
		{847D658E-82BA-47DC-9A27-04576AD3530E}.Release|x64.ActiveCfg = Release|x64
		{847D658E-82BA-47DC-9A27-04576AD3530E}.Release|x64.Build.0 = Release|x64
		{847D658E-82BA-47DC-9A27-04576AD3530E}.Release|x86.ActiveCfg = Release|Win32
		{847D658E-82BA-47DC-9A27-04576AD3530E}.Release|x86.Build.0 = Release|Win32
		{922BBD6D-302F-467A-83B9-B9EF52191090}.Debug|x64.ActiveCfg = Debug|x64
		{922BBD6D-302F-467A-83B9-B9EF52191090}.Debug|x64.Build.0 = Debug|x64
		{922BBD6D-302F-467A-83B9-B9EF52191090}.Debug|x86.ActiveCfg = Debug|Win32
		{922BBD6D-302F-467A-83B9-B9EF52191090}.Debug|x86.Build.0 = Debug|Win32
		{922BBD6D-302F-467A-83B9-B9EF52191090}.Release|x64.ActiveCfg = Release|x64
		{922BBD6D-302F-467A-83B9-B9EF52191090}.Release|x64.Build.0 = Release|x64
		{922BBD6D-302F-467A-83B9-B9EF52191090}.Release|x86.ActiveCfg = Release|Win32
		{922BBD6D-302F-467A-83B9-B9EF52191090}.Release|x86.Build.0 = Release|Win32
		{EC19A701-1783-4AF6-91F3-808F102CD186}.Debug|x64.ActiveCfg = Debug|x64
		{EC19A701-1783-4AF6-91F3-808F102CD186}.Debug|x64.Build.0 = Debug|x64
		{EC19A701-1783-4AF6-91F3-808F102CD186}.Debug|x86.ActiveCfg = Debug|Win32
		{EC19A701-1783-4AF6-91F3-808F102CD186}.Debug|x86.Build.0 = Debug|Win32
		{EC19A701-1783-4AF6-91F3-808F102CD186}.Release|x64.ActiveCfg = Release|x64
		{EC19A701-1783-4AF6-91F3-808F102CD186}.Release|x64.Build.0 = Release|x64
		{EC19A701-1783-4AF6-91F3-808F102CD186}.Release|x86.ActiveCfg = Release|Win32
		{EC19A701-1783-4AF6-91F3-808F102CD186}.Release|x86.Build.0 = Release|Win32
		{1227A47F-5B15-4A11-9936-A397C8E95A03}.Debug|x64.ActiveCfg = Debug|x64
		{1227A47F-5B15-4A11-9936-A397C8E95A03}.Debug|x64.Build.0 = Debug|x64
		{1227A47F-5B15-4A11-9936-A397C8E95A03}.Debug|x86.ActiveCfg = Debug|Win32
		{1227A47F-5B15-4A11-9936-A397C8E95A03}.Debug|x86.Build.0 = Debug|Win32
		{1227A47F-5B15-4A11-9936-A397C8E95A03}.Release|x64.ActiveCfg = Release|x64
		{1227A47F-5B15-4A11-9936-A397C8E95A03}.Release|x64.Build.0 = Release|x64
		{1227A47F-5B15-4A11-9936-A397C8E95A03}.Release|x86.ActiveCfg = Release|Win32
		{1227A47F-5B15-4A11-9936-A397C8E95A03}.Release|x86.Build.0 = Release|Win32
		{AC9AB161-28A5-4FCE-9102-3B3E09A3FF55}.Debug|x64.ActiveCfg = Debug|x64
		{AC9AB161-28A5-4FCE-9102-3B3E09A3FF55}.Debug|x64.Build.0 = Debug|x64
		{AC9AB161-28A5-4FCE-9102-3B3E09A3FF55}.Debug|x86.ActiveCfg = Debug|Win32
		{AC9AB161-28A5-4FCE-9102-3B3E09A3FF55}.Debug|x86.Build.0 = Debug|Win32
		{AC9AB161-28A5-4FCE-9102-3B3E09A3FF55}.Release|x64.ActiveCfg = Release|x64
		{AC9AB161-28A5-4FCE-9102-3B3E09A3FF55}.Release|x64.Build.0 = Release|x64
		{AC9AB161-28A5-4FCE-9102-3B3E09A3FF55}.Release|x86.ActiveCfg = Release|Win32
		{AC9AB161-28A5-4FCE-9102-3B3E09A3FF55}.Release|x86.Build.0 = Release|Win32
		{3629F01A-6FED-42EB-B308-E9F7F1346EAF}.Debug|x64.ActiveCfg = Debug|x64
		{3629F01A-6FED-42EB-B308-E9F7F1346EAF}.Debug|x64.Build.0 = Debug|x64
		{3629F01A-6FED-42EB-B308-E9F7F1346EAF}.Debug|x86.ActiveCfg = Debug|Win32
		{3629F01A-6FED-42EB-B308-E9F7F1346EAF}.Debug|x86.Build.0 = Debug|Win32
		{3629F01A-6FED-42EB-B308-E9F7F1346EAF}.Release|x64.ActiveCfg = Release|x64
		{3629F01A-6FED-42EB-B308-E9F7F1346EAF}.Release|x64.Build.0 = Release|x64
		{3629F01A-6FED-42EB-B308-E9F7F1346EAF}.Release|x86.ActiveCfg = Release|Win32
		{3629F01A-6FED-42EB-B308-E9F7F1346EAF}.Release|x86.Build.0 = Release|Win32
		{10AE7ECA-E1A6-426F-A65B-C380760AEB07}.Debug|x64.ActiveCfg = Debug|x64
		{10AE7ECA-E1A6-426F-A65B-C380760AEB07}.Debug|x64.Build.0 = Debug|x64
		{10AE7ECA-E1A6-426F-A65B-C380760AEB07}.Debug|x86.ActiveCfg = Debug|Win32
		{10AE7ECA-E1A6-426F-A65B-C380760AEB07}.Debug|x86.Build.0 = Debug|Win32
		{10AE7ECA-E1A6-426F-A65B-C380760AEB07}.Release|x64.ActiveCfg = Release|x64
		{10AE7ECA-E1A6-426F-A65B-C380760AEB07}.Release|x64.Build.0 = Release|x64
		{10AE7ECA-E1A6-426F-A65B-C380760AEB07}.Release|x86.ActiveCfg = Release|Win32
		{10AE7ECA-E1A6-426F-A65B-C380760AEB07}.Release|x86.Build.0 = Release|Win32
		{52D656A2-A2F4-4C54-A3C7-653427BED1E8}.Debug|x64.ActiveCfg = Debug|x64
		{52D656A2-A2F4-4C54-A3C7-653427BED1E8}.Debug|x64.Build.0 = Debug|x64
		{52D656A2-A2F4-4C54-A3C7-653427BED1E8}.Debug|x86.ActiveCfg = Debug|Win32
		{52D656A2-A2F4-4C54-A3C7-653427BED1E8}.Debug|x86.Build.0 = Debug|Win32
		{52D656A2-A2F4-4C54-A3C7-653427BED1E8}.Release|x64.ActiveCfg = Release|x64
		{52D656A2-A2F4-4C54-A3C7-653427BED1E8}.Release|x64.Build.0 = Release|x64
		{52D656A2-A2F4-4C54-A3C7-653427BED1E8}.Release|x86.ActiveCfg = Release|Win32
		{52D656A2-A2F4-4C54-A3C7-653427BED1E8}.Release|x86.Build.0 = Release|Win32
		{9A6222BB-D9D7-4E31-B9C7-E88760DF949F}.Debug|x64.ActiveCfg = Debug|x64
		{9A6222BB-D9D7-4E31-B9C7-E88760DF949F}.Debug|x64.Build.0 = Debug|x64
		{9A6222BB-D9D7-4E31-B9C7-E88760DF949F}.Debug|x86.ActiveCfg = Debug|Win32
		{9A6222BB-D9D7-4E31-B9C7-E88760DF949F}.Debug|x86.Build.0 = Debug|Win32
		{9A6222BB-D9D7-4E31-B9C7-E88760DF949F}.Release|x64.ActiveCfg = Release|x64
		{9A6222BB-D9D7-4E31-B9C7-E88760DF949F}.Release|x64.Build.0 = Release|x64
		{9A6222BB-D9D7-4E31-B9C7-E88760DF949F}.Release|x86.ActiveCfg = Release|Win32
		{9A6222BB-D9D7-4E31-B9C7-E88760DF949F}.Release|x86.Build.0 = Release|Win32
		{1C7509B9-6483-495B-8530-9C98869F3D98}.Debug|x64.ActiveCfg = Debug|x64
		{1C7509B9-6483-495B-8530-9C98869F3D98}.Debug|x64.Build.0 = Debug|x64
		{1C7509B9-6483-495B-8530-9C98869F3D98}.Debug|x86.ActiveCfg = Debug|Win32
		{1C7509B9-6483-495B-8530-9C98869F3D98}.Debug|x86.Build.0 = Debug|Win32
		{1C7509B9-6483-495B-8530-9C98869F3D98}.Release|x64.ActiveCfg = Release|x64
		{1C7509B9-6483-495B-8530-9C98869F3D98}.Release|x64.Build.0 = Release|x64
		{1C7509B9-6483-495B-8530-9C98869F3D98}.Release|x86.ActiveCfg = Release|Win32
		{1C7509B9-6483-495B-8530-9C98869F3D98}.Release|x86.Build.0 = Release|Win32
		{037001A4-0B9A-4648-BBD6-03093214F181}.Debug|x64.ActiveCfg = Debug|x64
		{037001A4-0B9A-4648-BBD6-03093214F181}.Debug|x64.Build.0 = Debug|x64
		{037001A4-0B9A-4648-BBD6-03093214F181}.Debug|x86.ActiveCfg = Debug|Win32
		{037001A4-0B9A-4648-BBD6-03093214F181}.Debug|x86.Build.0 = Debug|Win32
		{037001A4-0B9A-4648-BBD6-03093214F181}.Release|x64.ActiveCfg = Release|x64
		{037001A4-0B9A-4648-BBD6-03093214F181}.Release|x64.Build.0 = Release|x64
		{037001A4-0B9A-4648-BBD6-03093214F181}.Release|x86.ActiveCfg = Release|Win32
		{037001A4-0B9A-4648-BBD6-03093214F181}.Release|x86.Build.0 = Release|Win32
		{A047CFE5-A437-4911-8633-F54973E4F1DD}.Debug|x64.ActiveCfg = Debug|x64
		{A047CFE5-A437-4911-8633-F54973E4F1DD}.Debug|x64.Build.0 = Debug|x64
		{A047CFE5-A437-4911-8633-F54973E4F1DD}.Debug|x86.ActiveCfg = Debug|Win32
		{A047CFE5-A437-4911-8633-F54973E4F1DD}.Debug|x86.Build.0 = Debug|Win32
		{A047CFE5-A437-4911-8633-F54973E4F1DD}.Release|x64.ActiveCfg = Release|x64
		{A047CFE5-A437-4911-8633-F54973E4F1DD}.Release|x64.Build.0 = Release|x64
		{A047CFE5-A437-4911-8633-F54973E4F1DD}.Release|x86.ActiveCfg = Release|Win32
		{A047CFE5-A437-4911-8633-F54973E4F1DD}.Release|x86.Build.0 = Release|Win32
		{5382D923-3ED5-4EFD-BE8B-FEF8216FD96B}.Debug|x64.ActiveCfg = Debug|x64
		{5382D923-3ED5-4EFD-BE8B-FEF8216FD96B}.Debug|x64.Build.0 = Debug|x64
		{5382D923-3ED5-4EFD-BE8B-FEF8216FD96B}.Debug|x86.ActiveCfg = Debug|Win32
		{5382D923-3ED5-4EFD-BE8B-FEF8216FD96B}.Debug|x86.Build.0 = Debug|Win32
		{5382D923-3ED5-4EFD-BE8B-FEF8216FD96B}.Release|x64.ActiveCfg = Release|x64
		{5382D923-3ED5-4EFD-BE8B-FEF8216FD96B}.Release|x64.Build.0 = Release|x64
		{5382D923-3ED5-4EFD-BE8B-FEF8216FD96B}.Release|x86.ActiveCfg = Release|Win32
		{5382D923-3ED5-4EFD-BE8B-FEF8216FD96B}.Release|x86.Build.0 = Release|Win32
		{537D9996-9B3E-44B2-BD84-1862E2B7CA63}.Debug|x64.ActiveCfg = Debug|x64
		{537D9996-9B3E-44B2-BD84-1862E2B7CA63}.Debug|x64.Build.0 = Debug|x64
		{537D9996-9B3E-44B2-BD84-1862E2B7CA63}.Debug|x86.ActiveCfg = Debug|Win32
		{537D9996-9B3E-44B2-BD84-1862E2B7CA63}.Debug|x86.Build.0 = Debug|Win32
		{537D9996-9B3E-44B2-BD84-1862E2B7CA63}.Release|x64.ActiveCfg = Release|x64
		{537D9996-9B3E-44B2-BD84-1862E2B7CA63}.Release|x64.Build.0 = Release|x64
		{537D9996-9B3E-44B2-BD84-1862E2B7CA63}.Release|x86.ActiveCfg = Release|Win32
		{537D9996-9B3E-44B2-BD84-1862E2B7CA63}.Release|x86.Build.0 = Release|Win32
		{A5796222-270F-49FF-A55E-3909B065B6B9}.Debug|x64.ActiveCfg = Debug|x64
		{A5796222-270F-49FF-A55E-3909B065B6B9}.Debug|x64.Build.0 = Debug|x64
		{A5796222-270F-49FF-A55E-3909B065B6B9}.Debug|x86.ActiveCfg = Debug|Win32
		{A5796222-270F-49FF-A55E-3909B065B6B9}.Debug|x86.Build.0 = Debug|Win32
		{A5796222-270F-49FF-A55E-3909B065B6B9}.Release|x64.ActiveCfg = Release|x64
		{A5796222-270F-49FF-A55E-3909B065B6B9}.Release|x64.Build.0 = Release|x64
		{A5796222-270F-49FF-A55E-3909B065B6B9}.Release|x86.ActiveCfg = Release|Win32
		{A5796222-270F-49FF-A55E-3909B065B6B9}.Release|x86.Build.0 = Release|Win32
		{8BB9E603-FC24-4D80-8980-7E963CC19864}.Debug|x64.ActiveCfg = Debug|x64
		{8BB9E603-FC24-4D80-8980-7E963CC19864}.Debug|x64.Build.0 = Debug|x64
		{8BB9E603-FC24-4D80-8980-7E963CC19864}.Debug|x86.ActiveCfg = Debug|Win32
		{8BB9E603-FC24-4D80-8980-7E963CC19864}.Debug|x86.Build.0 = Debug|Win32
		{8BB9E603-FC24-4D80-8980-7E963CC19864}.Release|x64.ActiveCfg = Release|x64
		{8BB9E603-FC24-4D80-8980-7E963CC19864}.Release|x64.Build.0 = Release|x64
		{8BB9E603-FC24-4D80-8980-7E963CC19864}.Release|x86.ActiveCfg = Release|Win32
		{8BB9E603-FC24-4D80-8980-7E963CC19864}.Release|x86.Build.0 = Release|Win32
		{2E1F3FFC-1C07-48DB-BA56-3E8DBDC6A059}.Debug|x64.ActiveCfg = Debug|x64
		{2E1F3FFC-1C07-48DB-BA56-3E8DBDC6A059}.Debug|x64.Build.0 = Debug|x64
		{2E1F3FFC-1C07-48DB-BA56-3E8DBDC6A059}.Debug|x86.ActiveCfg = Debug|Win32
		{2E1F3FFC-1C07-48DB-BA56-3E8DBDC6A059}.Debug|x86.Build.0 = Debug|Win32
		{2E1F3FFC-1C07-48DB-BA56-3E8DBDC6A059}.Release|x64.ActiveCfg = Release|x64
		{2E1F3FFC-1C07-48DB-BA56-3E8DBDC6A059}.Release|x64.Build.0 = Release|x64
		{2E1F3FFC-1C07-48DB-BA56-3E8DBDC6A059}.Release|x86.ActiveCfg = Release|Win32
		{2E1F3FFC-1C07-48DB-BA56-3E8DBDC6A059}.Release|x86.Build.0 = Release|Win32
	EndGlobalSection
	GlobalSection(SolutionProperties) = preSolution
		HideSolutionNode = FALSE
	EndGlobalSection
	GlobalSection(NestedProjects) = preSolution
		{3FDDC146-E2B0-4B8D-A291-08AD9D5DE04F} = {B6FFED76-1D6C-4CF9-8699-847AE11D979C}
		{8051CFC6-9F61-4B1D-8DEB-F031947938B2} = {645D5774-086E-4439-BD7A-A196EC4C1CA8}
		{E0B52AE7-E160-4D32-BF3F-910B785E5A8E} = {87BCA308-399E-4CD1-80CD-DA08591720D2}
		{847D658E-82BA-47DC-9A27-04576AD3530E} = {645D5774-086E-4439-BD7A-A196EC4C1CA8}
		{58F850C8-7606-4F1F-AEA4-CD5137E5256A} = {0A3D5703-E6AE-4D00-B16D-F8EFC533FDEC}
		{922BBD6D-302F-467A-83B9-B9EF52191090} = {645D5774-086E-4439-BD7A-A196EC4C1CA8}
		{EC19A701-1783-4AF6-91F3-808F102CD186} = {645D5774-086E-4439-BD7A-A196EC4C1CA8}
		{1227A47F-5B15-4A11-9936-A397C8E95A03} = {861CF375-25A5-4A29-8FAD-2C79FB11BB80}
		{AC9AB161-28A5-4FCE-9102-3B3E09A3FF55} = {861CF375-25A5-4A29-8FAD-2C79FB11BB80}
		{3629F01A-6FED-42EB-B308-E9F7F1346EAF} = {861CF375-25A5-4A29-8FAD-2C79FB11BB80}
		{10AE7ECA-E1A6-426F-A65B-C380760AEB07} = {861CF375-25A5-4A29-8FAD-2C79FB11BB80}
		{52D656A2-A2F4-4C54-A3C7-653427BED1E8} = {87BCA308-399E-4CD1-80CD-DA08591720D2}
		{9A6222BB-D9D7-4E31-B9C7-E88760DF949F} = {645D5774-086E-4439-BD7A-A196EC4C1CA8}
		{1C7509B9-6483-495B-8530-9C98869F3D98} = {645D5774-086E-4439-BD7A-A196EC4C1CA8}
		{037001A4-0B9A-4648-BBD6-03093214F181} = {645D5774-086E-4439-BD7A-A196EC4C1CA8}
		{A047CFE5-A437-4911-8633-F54973E4F1DD} = {645D5774-086E-4439-BD7A-A196EC4C1CA8}
		{5382D923-3ED5-4EFD-BE8B-FEF8216FD96B} = {C921C2AB-B807-4CD1-93A9-34EBD769E3B6}
		{537D9996-9B3E-44B2-BD84-1862E2B7CA63} = {C921C2AB-B807-4CD1-93A9-34EBD769E3B6}
		{A5796222-270F-49FF-A55E-3909B065B6B9} = {02EA681E-C7D8-13C7-8484-4AC65E1B71E8}
		{8BB9E603-FC24-4D80-8980-7E963CC19864} = {C921C2AB-B807-4CD1-93A9-34EBD769E3B6}
		{2E1F3FFC-1C07-48DB-BA56-3E8DBDC6A059} = {C921C2AB-B807-4CD1-93A9-34EBD769E3B6}
	EndGlobalSection
	GlobalSection(ExtensibilityGlobals) = postSolution
		SolutionGuid = {115F636A-C108-4519-9AD7-D64501E6B0DE}
	EndGlobalSection
EndGlobal
