
Microsoft Visual Studio Solution File, Format Version 12.00
# Visual Studio Version 17
VisualStudioVersion = 17.12.35527.113
MinimumVisualStudioVersion = 10.0.40219.1
Project("{2150E333-8FDC-42A3-9474-1A3956D46DE8}") = "Engine", "Engine", "{B6FFED76-1D6C-4CF9-8699-847AE11D979C}"
EndProject
Project("{8BC9CEB8-8B4A-11D0-8D11-00A0C91BC942}") = "NardaEngine", "Engine\NardaEngine\NardaEngine.vcxproj", "{3FDDC146-E2B0-4B8D-A291-08AD9D5DE04F}"
EndProject
Project("{2150E333-8FDC-42A3-9474-1A3956D46DE8}") = "Framework", "Framework", "{861CF375-25A5-4A29-8FAD-2C79FB11BB80}"
EndProject
Project("{8BC9CEB8-8B4A-11D0-8D11-00A0C91BC942}") = "Core", "Framework\Core\Core.vcxproj", "{AC9AB161-28A5-4FCE-9102-3B3E09A3FF55}"
EndProject
Project("{2150E333-8FDC-42A3-9474-1A3956D46DE8}") = "VGP242", "VGP242", "{645D5774-086E-4439-BD7A-A196EC4C1CA8}"
EndProject
Project("{8BC9CEB8-8B4A-11D0-8D11-00A0C91BC942}") = "01_HelloWindow", "VGP242\01_HelloWindow\01_HelloWindow.vcxproj", "{8051CFC6-9F61-4B1D-8DEB-F031947938B2}"
EndProject
Project("{8BC9CEB8-8B4A-11D0-8D11-00A0C91BC942}") = "Math", "Framework\Math\Math.vcxproj", "{10AE7ECA-E1A6-426F-A65B-C380760AEB07}"
EndProject
Project("{2150E333-8FDC-42A3-9474-1A3956D46DE8}") = "External", "External", "{87BCA308-399E-4CD1-80CD-DA08591720D2}"
EndProject
Project("{8BC9CEB8-8B4A-11D0-8D11-00A0C91BC942}") = "DirectXTK_Desktop_2022", "External\DirectXTK\DirectXTK_Desktop_2022.vcxproj", "{E0B52AE7-E160-4D32-BF3F-910B785E5A8E}"
EndProject
Project("{8BC9CEB8-8B4A-11D0-8D11-00A0C91BC942}") = "Graphics", "Framework\Graphics\Graphics.vcxproj", "{1227A47F-5B15-4A11-9936-A397C8E95A03}"
EndProject
Project("{8BC9CEB8-8B4A-11D0-8D11-00A0C91BC942}") = "02_HelloShapes", "VGP242\02_HelloShapes\02_HelloShapes.vcxproj", "{847D658E-82BA-47DC-9A27-04576AD3530E}"
EndProject
Project("{2150E333-8FDC-42A3-9474-1A3956D46DE8}") = "Assets", "Assets", "{0A3D5703-E6AE-4D00-B16D-F8EFC533FDEC}"
EndProject
Project("{2150E333-8FDC-42A3-9474-1A3956D46DE8}") = "Shaders", "Shaders", "{58F850C8-7606-4F1F-AEA4-CD5137E5256A}"
	ProjectSection(SolutionItems) = preProject
		Assets\Shaders\DoColor.fx = Assets\Shaders\DoColor.fx
		Assets\Shaders\DoSomthing.fx = Assets\Shaders\DoSomthing.fx
	EndProjectSection
EndProject
Project("{8BC9CEB8-8B4A-11D0-8D11-00A0C91BC942}") = "Input", "Framework\Input\Input.vcxproj", "{3629F01A-6FED-42EB-B308-E9F7F1346EAF}"
EndProject
Project("{8BC9CEB8-8B4A-11D0-8D11-00A0C91BC942}") = "03_HelloCube", "VGP242\03_HelloCube\03_HelloCube.vcxproj", "{922BBD6D-302F-467A-83B9-B9EF52191090}"
EndProject
Global
	GlobalSection(SolutionConfigurationPlatforms) = preSolution
		Debug|x64 = Debug|x64
		Debug|x86 = Debug|x86
		Release|x64 = Release|x64
		Release|x86 = Release|x86
	EndGlobalSection
	GlobalSection(ProjectConfigurationPlatforms) = postSolution
		{3FDDC146-E2B0-4B8D-A291-08AD9D5DE04F}.Debug|x64.ActiveCfg = Debug|x64
		{3FDDC146-E2B0-4B8D-A291-08AD9D5DE04F}.Debug|x64.Build.0 = Debug|x64
		{3FDDC146-E2B0-4B8D-A291-08AD9D5DE04F}.Debug|x86.ActiveCfg = Debug|Win32
		{3FDDC146-E2B0-4B8D-A291-08AD9D5DE04F}.Debug|x86.Build.0 = Debug|Win32
		{3FDDC146-E2B0-4B8D-A291-08AD9D5DE04F}.Release|x64.ActiveCfg = Release|x64
		{3FDDC146-E2B0-4B8D-A291-08AD9D5DE04F}.Release|x64.Build.0 = Release|x64
		{3FDDC146-E2B0-4B8D-A291-08AD9D5DE04F}.Release|x86.ActiveCfg = Release|Win32
		{3FDDC146-E2B0-4B8D-A291-08AD9D5DE04F}.Release|x86.Build.0 = Release|Win32
		{AC9AB161-28A5-4FCE-9102-3B3E09A3FF55}.Debug|x64.ActiveCfg = Debug|x64
		{AC9AB161-28A5-4FCE-9102-3B3E09A3FF55}.Debug|x64.Build.0 = Debug|x64
		{AC9AB161-28A5-4FCE-9102-3B3E09A3FF55}.Debug|x86.ActiveCfg = Debug|Win32
		{AC9AB161-28A5-4FCE-9102-3B3E09A3FF55}.Debug|x86.Build.0 = Debug|Win32
		{AC9AB161-28A5-4FCE-9102-3B3E09A3FF55}.Release|x64.ActiveCfg = Release|x64
		{AC9AB161-28A5-4FCE-9102-3B3E09A3FF55}.Release|x64.Build.0 = Release|x64
		{AC9AB161-28A5-4FCE-9102-3B3E09A3FF55}.Release|x86.ActiveCfg = Release|Win32
		{AC9AB161-28A5-4FCE-9102-3B3E09A3FF55}.Release|x86.Build.0 = Release|Win32
		{8051CFC6-9F61-4B1D-8DEB-F031947938B2}.Debug|x64.ActiveCfg = Debug|x64
		{8051CFC6-9F61-4B1D-8DEB-F031947938B2}.Debug|x64.Build.0 = Debug|x64
		{8051CFC6-9F61-4B1D-8DEB-F031947938B2}.Debug|x86.ActiveCfg = Debug|Win32
		{8051CFC6-9F61-4B1D-8DEB-F031947938B2}.Debug|x86.Build.0 = Debug|Win32
		{8051CFC6-9F61-4B1D-8DEB-F031947938B2}.Release|x64.ActiveCfg = Release|x64
		{8051CFC6-9F61-4B1D-8DEB-F031947938B2}.Release|x64.Build.0 = Release|x64
		{8051CFC6-9F61-4B1D-8DEB-F031947938B2}.Release|x86.ActiveCfg = Release|Win32
		{8051CFC6-9F61-4B1D-8DEB-F031947938B2}.Release|x86.Build.0 = Release|Win32
		{10AE7ECA-E1A6-426F-A65B-C380760AEB07}.Debug|x64.ActiveCfg = Debug|x64
		{10AE7ECA-E1A6-426F-A65B-C380760AEB07}.Debug|x64.Build.0 = Debug|x64
		{10AE7ECA-E1A6-426F-A65B-C380760AEB07}.Debug|x86.ActiveCfg = Debug|Win32
		{10AE7ECA-E1A6-426F-A65B-C380760AEB07}.Debug|x86.Build.0 = Debug|Win32
		{10AE7ECA-E1A6-426F-A65B-C380760AEB07}.Release|x64.ActiveCfg = Release|x64
		{10AE7ECA-E1A6-426F-A65B-C380760AEB07}.Release|x64.Build.0 = Release|x64
		{10AE7ECA-E1A6-426F-A65B-C380760AEB07}.Release|x86.ActiveCfg = Release|Win32
		{10AE7ECA-E1A6-426F-A65B-C380760AEB07}.Release|x86.Build.0 = Release|Win32
		{E0B52AE7-E160-4D32-BF3F-910B785E5A8E}.Debug|x64.ActiveCfg = Debug|x64
		{E0B52AE7-E160-4D32-BF3F-910B785E5A8E}.Debug|x64.Build.0 = Debug|x64
		{E0B52AE7-E160-4D32-BF3F-910B785E5A8E}.Debug|x86.ActiveCfg = Debug|Win32
		{E0B52AE7-E160-4D32-BF3F-910B785E5A8E}.Debug|x86.Build.0 = Debug|Win32
		{E0B52AE7-E160-4D32-BF3F-910B785E5A8E}.Release|x64.ActiveCfg = Release|x64
		{E0B52AE7-E160-4D32-BF3F-910B785E5A8E}.Release|x64.Build.0 = Release|x64
		{E0B52AE7-E160-4D32-BF3F-910B785E5A8E}.Release|x86.ActiveCfg = Release|Win32
		{E0B52AE7-E160-4D32-BF3F-910B785E5A8E}.Release|x86.Build.0 = Release|Win32
		{1227A47F-5B15-4A11-9936-A397C8E95A03}.Debug|x64.ActiveCfg = Debug|x64
		{1227A47F-5B15-4A11-9936-A397C8E95A03}.Debug|x64.Build.0 = Debug|x64
		{1227A47F-5B15-4A11-9936-A397C8E95A03}.Debug|x86.ActiveCfg = Debug|Win32
		{1227A47F-5B15-4A11-9936-A397C8E95A03}.Debug|x86.Build.0 = Debug|Win32
		{1227A47F-5B15-4A11-9936-A397C8E95A03}.Release|x64.ActiveCfg = Release|x64
		{1227A47F-5B15-4A11-9936-A397C8E95A03}.Release|x64.Build.0 = Release|x64
		{1227A47F-5B15-4A11-9936-A397C8E95A03}.Release|x86.ActiveCfg = Release|Win32
		{1227A47F-5B15-4A11-9936-A397C8E95A03}.Release|x86.Build.0 = Release|Win32
		{847D658E-82BA-47DC-9A27-04576AD3530E}.Debug|x64.ActiveCfg = Debug|x64
		{847D658E-82BA-47DC-9A27-04576AD3530E}.Debug|x64.Build.0 = Debug|x64
		{847D658E-82BA-47DC-9A27-04576AD3530E}.Debug|x86.ActiveCfg = Debug|Win32
		{847D658E-82BA-47DC-9A27-04576AD3530E}.Debug|x86.Build.0 = Debug|Win32
		{847D658E-82BA-47DC-9A27-04576AD3530E}.Release|x64.ActiveCfg = Release|x64
		{847D658E-82BA-47DC-9A27-04576AD3530E}.Release|x64.Build.0 = Release|x64
		{847D658E-82BA-47DC-9A27-04576AD3530E}.Release|x86.ActiveCfg = Release|Win32
		{847D658E-82BA-47DC-9A27-04576AD3530E}.Release|x86.Build.0 = Release|Win32
		{3629F01A-6FED-42EB-B308-E9F7F1346EAF}.Debug|x64.ActiveCfg = Debug|x64
		{3629F01A-6FED-42EB-B308-E9F7F1346EAF}.Debug|x64.Build.0 = Debug|x64
		{3629F01A-6FED-42EB-B308-E9F7F1346EAF}.Debug|x86.ActiveCfg = Debug|Win32
		{3629F01A-6FED-42EB-B308-E9F7F1346EAF}.Debug|x86.Build.0 = Debug|Win32
		{3629F01A-6FED-42EB-B308-E9F7F1346EAF}.Release|x64.ActiveCfg = Release|x64
		{3629F01A-6FED-42EB-B308-E9F7F1346EAF}.Release|x64.Build.0 = Release|x64
		{3629F01A-6FED-42EB-B308-E9F7F1346EAF}.Release|x86.ActiveCfg = Release|Win32
		{3629F01A-6FED-42EB-B308-E9F7F1346EAF}.Release|x86.Build.0 = Release|Win32
		{922BBD6D-302F-467A-83B9-B9EF52191090}.Debug|x64.ActiveCfg = Debug|x64
		{922BBD6D-302F-467A-83B9-B9EF52191090}.Debug|x64.Build.0 = Debug|x64
		{922BBD6D-302F-467A-83B9-B9EF52191090}.Debug|x86.ActiveCfg = Debug|Win32
		{922BBD6D-302F-467A-83B9-B9EF52191090}.Debug|x86.Build.0 = Debug|Win32
		{922BBD6D-302F-467A-83B9-B9EF52191090}.Release|x64.ActiveCfg = Release|x64
		{922BBD6D-302F-467A-83B9-B9EF52191090}.Release|x64.Build.0 = Release|x64
		{922BBD6D-302F-467A-83B9-B9EF52191090}.Release|x86.ActiveCfg = Release|Win32
		{922BBD6D-302F-467A-83B9-B9EF52191090}.Release|x86.Build.0 = Release|Win32
	EndGlobalSection
	GlobalSection(SolutionProperties) = preSolution
		HideSolutionNode = FALSE
	EndGlobalSection
	GlobalSection(NestedProjects) = preSolution
		{3FDDC146-E2B0-4B8D-A291-08AD9D5DE04F} = {B6FFED76-1D6C-4CF9-8699-847AE11D979C}
		{AC9AB161-28A5-4FCE-9102-3B3E09A3FF55} = {861CF375-25A5-4A29-8FAD-2C79FB11BB80}
		{8051CFC6-9F61-4B1D-8DEB-F031947938B2} = {645D5774-086E-4439-BD7A-A196EC4C1CA8}
		{10AE7ECA-E1A6-426F-A65B-C380760AEB07} = {861CF375-25A5-4A29-8FAD-2C79FB11BB80}
		{E0B52AE7-E160-4D32-BF3F-910B785E5A8E} = {87BCA308-399E-4CD1-80CD-DA08591720D2}
		{1227A47F-5B15-4A11-9936-A397C8E95A03} = {861CF375-25A5-4A29-8FAD-2C79FB11BB80}
		{847D658E-82BA-47DC-9A27-04576AD3530E} = {645D5774-086E-4439-BD7A-A196EC4C1CA8}
		{58F850C8-7606-4F1F-AEA4-CD5137E5256A} = {0A3D5703-E6AE-4D00-B16D-F8EFC533FDEC}
		{3629F01A-6FED-42EB-B308-E9F7F1346EAF} = {861CF375-25A5-4A29-8FAD-2C79FB11BB80}
		{922BBD6D-302F-467A-83B9-B9EF52191090} = {645D5774-086E-4439-BD7A-A196EC4C1CA8}
	EndGlobalSection
EndGlobal
