<?xml version="1.0" encoding="utf-8"?>
<Project ToolsVersion="4.0" xmlns="http://schemas.microsoft.com/developer/msbuild/2003">
  <ItemGroup>
    <Filter Include="Inc">
      <UniqueIdentifier>{7678e039-2dc2-4d5e-81c2-db3ce87f2865}</UniqueIdentifier>
    </Filter>
    <Filter Include="Src">
      <UniqueIdentifier>{149af901-97a8-4342-ab5e-ebe1a1720e34}</UniqueIdentifier>
    </Filter>
  </ItemGroup>
  <ItemGroup>
    <ClInclude Include="Inc\Common.h">
      <Filter>Inc</Filter>
    </ClInclude>
    <ClInclude Include="Inc\Network.h">
      <Filter>Inc</Filter>
    </ClInclude>
    <ClInclude Include="Src\Precompiled.h">
      <Filter>Src</Filter>
    </ClInclude>
    <ClInclude Include="Inc\NetworkElement.h">
      <Filter>Inc</Filter>
    </ClInclude>
    <ClInclude Include="Inc\Server.h">
      <Filter>Inc</Filter>
    </ClInclude>
    <ClInclude Include="Inc\Client.h">
      <Filter>Inc</Filter>
    </ClInclude>
    <ClInclude Include="Inc\NetworkManager.h">
      <Filter>Inc</Filter>
    </ClInclude>
  </ItemGroup>
  <ItemGroup>
    <ClCompile Include="Src\Precompiled.cpp">
      <Filter>Src</Filter>
    </ClCompile>
    <ClCompile Include="Src\NetworkElement.cpp">
      <Filter>Src</Filter>
    </ClCompile>
    <ClCompile Include="Src\Server.cpp">
      <Filter>Src</Filter>
    </ClCompile>
    <ClCompile Include="Src\Client.cpp">
      <Filter>Src</Filter>
    </ClCompile>
    <ClCompile Include="Src\NetworkManager.cpp">
      <Filter>Src</Filter>
    </ClCompile>
  </ItemGroup>
</Project>